
Microsoft Visual Studio Solution File, Format Version 12.00
# Visual Studio Version 16
VisualStudioVersion = 16.0.29613.14
MinimumVisualStudioVersion = 10.0.40219.1
Project("{FAE04EC0-301F-11D3-BF4B-00C04F79EFBC}") = "WindowsFormsApp1", "WindowsFormsApp1\WindowsFormsApp1.csproj", "{E174CB1C-D84A-4C51-9F6B-95440ADF4D4D}"
EndProject
Global
	GlobalSection(SolutionConfigurationPlatforms) = preSolution
		Debug|Any CPU = Debug|Any CPU
		Release|Any CPU = Release|Any CPU
	EndGlobalSection
	GlobalSection(ProjectConfigurationPlatforms) = postSolution
		{E174CB1C-D84A-4C51-9F6B-95440ADF4D4D}.Debug|Any CPU.ActiveCfg = Debug|Any CPU
		{E174CB1C-D84A-4C51-9F6B-95440ADF4D4D}.Debug|Any CPU.Build.0 = Debug|Any CPU
		{E174CB1C-D84A-4C51-9F6B-95440ADF4D4D}.Release|Any CPU.ActiveCfg = Release|Any CPU
		{E174CB1C-D84A-4C51-9F6B-95440ADF4D4D}.Release|Any CPU.Build.0 = Release|Any CPU
	EndGlobalSection
	GlobalSection(SolutionProperties) = preSolution
		HideSolutionNode = FALSE
	EndGlobalSection
	GlobalSection(ExtensibilityGlobals) = postSolution
		SolutionGuid = {BC7775FE-AE3B-4D8D-99C4-83A5EF23F3D0}
	EndGlobalSection
EndGlobal
